
Microsoft Visual Studio Solution File, Format Version 12.00
# Visual Studio Version 17
VisualStudioVersion = 17.8.34511.84
MinimumVisualStudioVersion = 10.0.40219.1
Project("{FAE04EC0-301F-11D3-BF4B-00C04F79EFBC}") = "ABCRetail", "ABCRetail.csproj", "{D77F70C6-FB20-4EA2-98A4-04E4887E8DC8}"
EndProject
Global
	GlobalSection(SolutionConfigurationPlatforms) = preSolution
		Debug|Any CPU = Debug|Any CPU
		Release|Any CPU = Release|Any CPU
	EndGlobalSection
	GlobalSection(ProjectConfigurationPlatforms) = postSolution
		{D77F70C6-FB20-4EA2-98A4-04E4887E8DC8}.Debug|Any CPU.ActiveCfg = Debug|Any CPU
		{D77F70C6-FB20-4EA2-98A4-04E4887E8DC8}.Debug|Any CPU.Build.0 = Debug|Any CPU
		{D77F70C6-FB20-4EA2-98A4-04E4887E8DC8}.Release|Any CPU.ActiveCfg = Release|Any CPU
		{D77F70C6-FB20-4EA2-98A4-04E4887E8DC8}.Release|Any CPU.Build.0 = Release|Any CPU
	EndGlobalSection
	GlobalSection(SolutionProperties) = preSolution
		HideSolutionNode = FALSE
	EndGlobalSection
	GlobalSection(ExtensibilityGlobals) = postSolution
		SolutionGuid = {0C1A0DEA-05FB-40FC-9ADC-57E73C66F934}
	EndGlobalSection
EndGlobal
